
Microsoft Visual Studio Solution File, Format Version 12.00
# Visual Studio Version 16
VisualStudioVersion = 16.0.29503.13
MinimumVisualStudioVersion = 10.0.40219.1
Project("{8BC9CEB8-8B4A-11D0-8D11-00A0C91BC942}") = "别踩白块", "别踩白块\别踩白块.vcxproj", "{F4300268-8031-406E-9E9D-DAEDAAA1A046}"
EndProject
Global
	GlobalSection(SolutionConfigurationPlatforms) = preSolution
		Debug|x64 = Debug|x64
		Debug|x86 = Debug|x86
		Release|x64 = Release|x64
		Release|x86 = Release|x86
	EndGlobalSection
	GlobalSection(ProjectConfigurationPlatforms) = postSolution
		{F4300268-8031-406E-9E9D-DAEDAAA1A046}.Debug|x64.ActiveCfg = Debug|x64
		{F4300268-8031-406E-9E9D-DAEDAAA1A046}.Debug|x64.Build.0 = Debug|x64
		{F4300268-8031-406E-9E9D-DAEDAAA1A046}.Debug|x86.ActiveCfg = Debug|Win32
		{F4300268-8031-406E-9E9D-DAEDAAA1A046}.Debug|x86.Build.0 = Debug|Win32
		{F4300268-8031-406E-9E9D-DAEDAAA1A046}.Release|x64.ActiveCfg = Release|x64
		{F4300268-8031-406E-9E9D-DAEDAAA1A046}.Release|x64.Build.0 = Release|x64
		{F4300268-8031-406E-9E9D-DAEDAAA1A046}.Release|x86.ActiveCfg = Release|Win32
		{F4300268-8031-406E-9E9D-DAEDAAA1A046}.Release|x86.Build.0 = Release|Win32
	EndGlobalSection
	GlobalSection(SolutionProperties) = preSolution
		HideSolutionNode = FALSE
	EndGlobalSection
	GlobalSection(ExtensibilityGlobals) = postSolution
		SolutionGuid = {825E7C35-E1D7-4C0B-80B9-AB9DAC848DDB}
	EndGlobalSection
EndGlobal
