
Microsoft Visual Studio Solution File, Format Version 12.00
# Visual Studio Version 16
VisualStudioVersion = 16.0.29503.13
MinimumVisualStudioVersion = 10.0.40219.1
Project("{8BC9CEB8-8B4A-11D0-8D11-00A0C91BC942}") = "2048", "2048\2048.vcxproj", "{0006DE0F-F9BF-4652-83EF-F1CB0CA934E1}"
EndProject
Global
	GlobalSection(SolutionConfigurationPlatforms) = preSolution
		Debug|x64 = Debug|x64
		Debug|x86 = Debug|x86
		Release|x64 = Release|x64
		Release|x86 = Release|x86
	EndGlobalSection
	GlobalSection(ProjectConfigurationPlatforms) = postSolution
		{0006DE0F-F9BF-4652-83EF-F1CB0CA934E1}.Debug|x64.ActiveCfg = Debug|x64
		{0006DE0F-F9BF-4652-83EF-F1CB0CA934E1}.Debug|x64.Build.0 = Debug|x64
		{0006DE0F-F9BF-4652-83EF-F1CB0CA934E1}.Debug|x86.ActiveCfg = Debug|Win32
		{0006DE0F-F9BF-4652-83EF-F1CB0CA934E1}.Debug|x86.Build.0 = Debug|Win32
		{0006DE0F-F9BF-4652-83EF-F1CB0CA934E1}.Release|x64.ActiveCfg = Release|x64
		{0006DE0F-F9BF-4652-83EF-F1CB0CA934E1}.Release|x64.Build.0 = Release|x64
		{0006DE0F-F9BF-4652-83EF-F1CB0CA934E1}.Release|x86.ActiveCfg = Release|Win32
		{0006DE0F-F9BF-4652-83EF-F1CB0CA934E1}.Release|x86.Build.0 = Release|Win32
	EndGlobalSection
	GlobalSection(SolutionProperties) = preSolution
		HideSolutionNode = FALSE
	EndGlobalSection
	GlobalSection(ExtensibilityGlobals) = postSolution
		SolutionGuid = {E99E5294-B001-46B4-8E2C-B52E7359A328}
	EndGlobalSection
EndGlobal
